
Microsoft Visual Studio Solution File, Format Version 12.00
# Visual Studio 15
VisualStudioVersion = 15.0.28307.136
MinimumVisualStudioVersion = 10.0.40219.1
Project("{FAE04EC0-301F-11D3-BF4B-00C04F79EFBC}") = "MyBlazorApp.Server", "MyBlazorApp.Server\MyBlazorApp.Server.csproj", "{45E145B1-C484-4783-80D2-1FA5A397FE7E}"
EndProject
Project("{FAE04EC0-301F-11D3-BF4B-00C04F79EFBC}") = "MyBlazorApp.Client", "MyBlazorApp.Client\MyBlazorApp.Client.csproj", "{F061F649-2BC5-4FC8-A4B2-83072B44DEEB}"
EndProject
Project("{FAE04EC0-301F-11D3-BF4B-00C04F79EFBC}") = "MyBlazorApp.Shared", "MyBlazorApp.Shared\MyBlazorApp.Shared.csproj", "{F38EC1B7-3009-4132-A1E4-AE157313DB0A}"
EndProject
Global
	GlobalSection(SolutionConfigurationPlatforms) = preSolution
		Debug|Any CPU = Debug|Any CPU
		Release|Any CPU = Release|Any CPU
	EndGlobalSection
	GlobalSection(ProjectConfigurationPlatforms) = postSolution
		{45E145B1-C484-4783-80D2-1FA5A397FE7E}.Debug|Any CPU.ActiveCfg = Debug|Any CPU
		{45E145B1-C484-4783-80D2-1FA5A397FE7E}.Debug|Any CPU.Build.0 = Debug|Any CPU
		{45E145B1-C484-4783-80D2-1FA5A397FE7E}.Release|Any CPU.ActiveCfg = Release|Any CPU
		{45E145B1-C484-4783-80D2-1FA5A397FE7E}.Release|Any CPU.Build.0 = Release|Any CPU
		{F061F649-2BC5-4FC8-A4B2-83072B44DEEB}.Debug|Any CPU.ActiveCfg = Debug|Any CPU
		{F061F649-2BC5-4FC8-A4B2-83072B44DEEB}.Debug|Any CPU.Build.0 = Debug|Any CPU
		{F061F649-2BC5-4FC8-A4B2-83072B44DEEB}.Release|Any CPU.ActiveCfg = Release|Any CPU
		{F061F649-2BC5-4FC8-A4B2-83072B44DEEB}.Release|Any CPU.Build.0 = Release|Any CPU
		{F38EC1B7-3009-4132-A1E4-AE157313DB0A}.Debug|Any CPU.ActiveCfg = Debug|Any CPU
		{F38EC1B7-3009-4132-A1E4-AE157313DB0A}.Debug|Any CPU.Build.0 = Debug|Any CPU
		{F38EC1B7-3009-4132-A1E4-AE157313DB0A}.Release|Any CPU.ActiveCfg = Release|Any CPU
		{F38EC1B7-3009-4132-A1E4-AE157313DB0A}.Release|Any CPU.Build.0 = Release|Any CPU
	EndGlobalSection
	GlobalSection(SolutionProperties) = preSolution
		HideSolutionNode = FALSE
	EndGlobalSection
	GlobalSection(ExtensibilityGlobals) = postSolution
		SolutionGuid = {5A21FA7F-1F05-48CB-9664-2CB72650784F}
	EndGlobalSection
EndGlobal
